
Microsoft Visual Studio Solution File, Format Version 12.00
# Visual Studio Version 16
VisualStudioVersion = 16.0.29324.140
MinimumVisualStudioVersion = 10.0.40219.1
Project("{FAE04EC0-301F-11D3-BF4B-00C04F79EFBC}") = "WDModernise", "WDModernise\WDModernise.csproj", "{B7A209C8-581C-42A1-B795-8724C060D537}"
EndProject
Global
	GlobalSection(SolutionConfigurationPlatforms) = preSolution
		Debug|Any CPU = Debug|Any CPU
		Release|Any CPU = Release|Any CPU
	EndGlobalSection
	GlobalSection(ProjectConfigurationPlatforms) = postSolution
		{B7A209C8-581C-42A1-B795-8724C060D537}.Debug|Any CPU.ActiveCfg = Debug|Any CPU
		{B7A209C8-581C-42A1-B795-8724C060D537}.Debug|Any CPU.Build.0 = Debug|Any CPU
		{B7A209C8-581C-42A1-B795-8724C060D537}.Release|Any CPU.ActiveCfg = Release|Any CPU
		{B7A209C8-581C-42A1-B795-8724C060D537}.Release|Any CPU.Build.0 = Release|Any CPU
	EndGlobalSection
	GlobalSection(SolutionProperties) = preSolution
		HideSolutionNode = FALSE
	EndGlobalSection
	GlobalSection(ExtensibilityGlobals) = postSolution
		SolutionGuid = {9EB4142F-5515-4620-A04B-A9FC7B8262BF}
	EndGlobalSection
EndGlobal
